<?xml version="1.0" encoding="utf-8"?>
<Project ToolsVersion="4.0" xmlns="http://schemas.microsoft.com/developer/msbuild/2003">
  <ItemGroup>
    <Filter Include="Source Files">
      <UniqueIdentifier>{4FC737F1-C7A5-4376-A066-2A32D752A2FF}</UniqueIdentifier>
      <Extensions>cpp;c;cc;cxx;c++;cppm;ixx;def;odl;idl;hpj;bat;asm;asmx</Extensions>
    </Filter>
    <Filter Include="Header Files">
      <UniqueIdentifier>{93995380-89BD-4b04-88EB-625FBE52EBFB}</UniqueIdentifier>
      <Extensions>h;hh;hpp;hxx;h++;hm;inl;inc;ipp;xsd</Extensions>
    </Filter>
    <Filter Include="Resource Files">
      <UniqueIdentifier>{67DA6AB6-F800-4c08-8B7A-83BB121AAD01}</UniqueIdentifier>
      <Extensions>rc;ico;cur;bmp;dlg;rc2;rct;bin;rgs;gif;jpg;jpeg;jpe;resx;tiff;tif;png;wav;mfcribbon-ms</Extensions>
    </Filter>
    <Filter Include="Source Files\TronComponents">
      <UniqueIdentifier>{4a957fb0-6c51-4b4a-ac83-cf9f97fa24e8}</UniqueIdentifier>
    </Filter>
    <Filter Include="Source Files\Commands">
      <UniqueIdentifier>{e6dbde0b-6301-4978-b78e-fda4724472d6}</UniqueIdentifier>
    </Filter>
    <Filter Include="Source Files\Scenes">
      <UniqueIdentifier>{7f2cf5ff-7452-4cea-8db3-797ecf429dbc}</UniqueIdentifier>
    </Filter>
  </ItemGroup>
  <ItemGroup>
    <ClCompile Include="Tron.cpp">
      <Filter>Source Files</Filter>
    </ClCompile>
    <ClCompile Include="TankGameScene.cpp">
      <Filter>Source Files\Scenes</Filter>
    </ClCompile>
    <ClCompile Include="MainMenuScene.cpp">
      <Filter>Source Files\Scenes</Filter>
    </ClCompile>
    <ClCompile Include="TronConstructor.cpp">
      <Filter>Source Files</Filter>
    </ClCompile>
    <ClCompile Include="TronEngine.cpp">
      <Filter>Source Files</Filter>
    </ClCompile>
    <ClCompile Include="TankControlComponent.cpp">
      <Filter>Source Files\TronComponents</Filter>
    </ClCompile>
    <ClCompile Include="TankFieldGridComponent.cpp">
      <Filter>Source Files\TronComponents</Filter>
    </ClCompile>
    <ClCompile Include="TankCommands.cpp">
      <Filter>Source Files\Commands</Filter>
    </ClCompile>
    <ClCompile Include="WallComponent.cpp">
      <Filter>Source Files\TronComponents</Filter>
    </ClCompile>
    <ClCompile Include="TankFieldLineComponent.cpp">
      <Filter>Source Files\TronComponents</Filter>
    </ClCompile>
    <ClCompile Include="TankGunComponent.cpp">
      <Filter>Source Files\TronComponents</Filter>
    </ClCompile>
  </ItemGroup>
  <ItemGroup>
    <ClInclude Include="TankGameScene.h">
      <Filter>Source Files\Scenes</Filter>
    </ClInclude>
    <ClInclude Include="MainMenuScene.h">
      <Filter>Source Files\Scenes</Filter>
    </ClInclude>
    <ClInclude Include="TronConstructor.h">
      <Filter>Header Files</Filter>
    </ClInclude>
    <ClInclude Include="TronEngine.h">
      <Filter>Header Files</Filter>
    </ClInclude>
    <ClInclude Include="TankControlComponent.h">
      <Filter>Source Files\TronComponents</Filter>
    </ClInclude>
    <ClInclude Include="TankCommands.h">
      <Filter>Source Files\Commands</Filter>
    </ClInclude>
    <ClInclude Include="TankFieldGridComponent.h">
      <Filter>Source Files\TronComponents</Filter>
    </ClInclude>
    <ClInclude Include="WallComponent.h">
      <Filter>Source Files\TronComponents</Filter>
    </ClInclude>
    <ClInclude Include="TankFieldLineComponent.h">
      <Filter>Source Files\TronComponents</Filter>
    </ClInclude>
    <ClInclude Include="TankGunComponent.h">
      <Filter>Source Files\TronComponents</Filter>
    </ClInclude>
  </ItemGroup>
</Project>